
Microsoft Visual Studio Solution File, Format Version 12.00
# Visual Studio Version 17
VisualStudioVersion = 17.9.34902.65
MinimumVisualStudioVersion = 10.0.40219.1
Project("{FAE04EC0-301F-11D3-BF4B-00C04F79EFBC}") = "PhoenixApp", "PhoenixApp\PhoenixApp.csproj", "{AB19DA55-1767-46C7-9552-30E519CD0502}"
EndProject
Global
	GlobalSection(SolutionConfigurationPlatforms) = preSolution
		Debug|Any CPU = Debug|Any CPU
		Release|Any CPU = Release|Any CPU
	EndGlobalSection
	GlobalSection(ProjectConfigurationPlatforms) = postSolution
		{AB19DA55-1767-46C7-9552-30E519CD0502}.Debug|Any CPU.ActiveCfg = Debug|Any CPU
		{AB19DA55-1767-46C7-9552-30E519CD0502}.Debug|Any CPU.Build.0 = Debug|Any CPU
		{AB19DA55-1767-46C7-9552-30E519CD0502}.Release|Any CPU.ActiveCfg = Release|Any CPU
		{AB19DA55-1767-46C7-9552-30E519CD0502}.Release|Any CPU.Build.0 = Release|Any CPU
	EndGlobalSection
	GlobalSection(SolutionProperties) = preSolution
		HideSolutionNode = FALSE
	EndGlobalSection
	GlobalSection(ExtensibilityGlobals) = postSolution
		SolutionGuid = {CB135218-567E-450E-916D-5AAEE09AAA73}
	EndGlobalSection
EndGlobal
